
Microsoft Visual Studio Solution File, Format Version 12.00
# Visual Studio Version 16
VisualStudioVersion = 16.0.30804.86
MinimumVisualStudioVersion = 10.0.40219.1
Project("{9A19103F-16F7-4668-BE54-9A1E7A4F7556}") = "ShowSQLTables", "ShowSQLTables\ShowSQLTables.csproj", "{5AE3D584-0107-4D36-B37C-0A66D6FC434A}"
EndProject
Global
	GlobalSection(SolutionConfigurationPlatforms) = preSolution
		Debug|Any CPU = Debug|Any CPU
		Release|Any CPU = Release|Any CPU
	EndGlobalSection
	GlobalSection(ProjectConfigurationPlatforms) = postSolution
		{5AE3D584-0107-4D36-B37C-0A66D6FC434A}.Debug|Any CPU.ActiveCfg = Debug|Any CPU
		{5AE3D584-0107-4D36-B37C-0A66D6FC434A}.Debug|Any CPU.Build.0 = Debug|Any CPU
		{5AE3D584-0107-4D36-B37C-0A66D6FC434A}.Release|Any CPU.ActiveCfg = Release|Any CPU
		{5AE3D584-0107-4D36-B37C-0A66D6FC434A}.Release|Any CPU.Build.0 = Release|Any CPU
	EndGlobalSection
	GlobalSection(SolutionProperties) = preSolution
		HideSolutionNode = FALSE
	EndGlobalSection
	GlobalSection(ExtensibilityGlobals) = postSolution
		SolutionGuid = {BCF7C28D-CA2A-4C46-8E71-B38101629F1D}
	EndGlobalSection
EndGlobal
